
Microsoft Visual Studio Solution File, Format Version 12.00
Project("{FAE04EC0-301F-11D3-BF4B-00C04F79EFBC}") = "Acme.OOPrograming", "Acme.OOPrograming\Acme.OOPrograming.csproj", "{B883ACE0-C1B8-40CF-9ECF-5880CC41C265}"
EndProject
Global
	GlobalSection(SolutionConfigurationPlatforms) = preSolution
		Debug|Any CPU = Debug|Any CPU
		Release|Any CPU = Release|Any CPU
	EndGlobalSection
	GlobalSection(ProjectConfigurationPlatforms) = postSolution
		{B883ACE0-C1B8-40CF-9ECF-5880CC41C265}.Debug|Any CPU.ActiveCfg = Debug|Any CPU
		{B883ACE0-C1B8-40CF-9ECF-5880CC41C265}.Debug|Any CPU.Build.0 = Debug|Any CPU
		{B883ACE0-C1B8-40CF-9ECF-5880CC41C265}.Release|Any CPU.ActiveCfg = Release|Any CPU
		{B883ACE0-C1B8-40CF-9ECF-5880CC41C265}.Release|Any CPU.Build.0 = Release|Any CPU
	EndGlobalSection
EndGlobal
